
Microsoft Visual Studio Solution File, Format Version 12.00
Project("{FAE04EC0-301F-11D3-BF4B-00C04F79EFBC}") = "Host", "Host\Host.csproj", "{4DA35CE9-4866-496C-AA1B-22C9FA0D1194}"
EndProject
Project("{FAE04EC0-301F-11D3-BF4B-00C04F79EFBC}") = "Child", "Child\Child.csproj", "{3E36C721-9B8A-4EAD-A334-D01E2ACA2B11}"
EndProject
Project("{FAE04EC0-301F-11D3-BF4B-00C04F79EFBC}") = "Core", "Core\Core.csproj", "{C236AE4B-10AB-4674-BA57-17453059300C}"
EndProject
Global
	GlobalSection(SolutionConfigurationPlatforms) = preSolution
		Debug|Any CPU = Debug|Any CPU
		Release|Any CPU = Release|Any CPU
	EndGlobalSection
	GlobalSection(ProjectConfigurationPlatforms) = postSolution
		{4DA35CE9-4866-496C-AA1B-22C9FA0D1194}.Debug|Any CPU.ActiveCfg = Debug|Any CPU
		{4DA35CE9-4866-496C-AA1B-22C9FA0D1194}.Debug|Any CPU.Build.0 = Debug|Any CPU
		{4DA35CE9-4866-496C-AA1B-22C9FA0D1194}.Release|Any CPU.ActiveCfg = Release|Any CPU
		{4DA35CE9-4866-496C-AA1B-22C9FA0D1194}.Release|Any CPU.Build.0 = Release|Any CPU
		{3E36C721-9B8A-4EAD-A334-D01E2ACA2B11}.Debug|Any CPU.ActiveCfg = Debug|Any CPU
		{3E36C721-9B8A-4EAD-A334-D01E2ACA2B11}.Debug|Any CPU.Build.0 = Debug|Any CPU
		{3E36C721-9B8A-4EAD-A334-D01E2ACA2B11}.Release|Any CPU.ActiveCfg = Release|Any CPU
		{3E36C721-9B8A-4EAD-A334-D01E2ACA2B11}.Release|Any CPU.Build.0 = Release|Any CPU
		{C236AE4B-10AB-4674-BA57-17453059300C}.Debug|Any CPU.ActiveCfg = Debug|Any CPU
		{C236AE4B-10AB-4674-BA57-17453059300C}.Debug|Any CPU.Build.0 = Debug|Any CPU
		{C236AE4B-10AB-4674-BA57-17453059300C}.Release|Any CPU.ActiveCfg = Release|Any CPU
		{C236AE4B-10AB-4674-BA57-17453059300C}.Release|Any CPU.Build.0 = Release|Any CPU
	EndGlobalSection
EndGlobal
